<?xml version="1.0" encoding="utf-8"?>
<Project ToolsVersion="4.0" xmlns="http://schemas.microsoft.com/developer/msbuild/2003">
  <ItemGroup>
    <Filter Include="test">
      <UniqueIdentifier>{156518ec-56f2-4584-a711-6e454fb57fdf}</UniqueIdentifier>
    </Filter>
  </ItemGroup>
  <ItemGroup>
    <ClCompile Include="..\ahc.c" />
  </ItemGroup>
  <ItemGroup>
    <ClInclude Include="..\rt.h" />
    <ClInclude Include="..\rt_generics.h" />
  </ItemGroup>
  <ItemGroup>
    <Text Include="..\test\hhgttg.txt">
      <Filter>test</Filter>
    </Text>
    <Text Include="..\test\sqlite3.c.txt">
      <Filter>test</Filter>
    </Text>
  </ItemGroup>
  <ItemGroup>
    <None Include="..\test\lz77.exe">
      <Filter>test</Filter>
    </None>
  </ItemGroup>
  <ItemGroup>
    <Image Include="..\test\snow-crash.bmp">
      <Filter>test</Filter>
    </Image>
  </ItemGroup>
</Project>